
Microsoft Visual Studio Solution File, Format Version 12.00
# Visual Studio Version 17
VisualStudioVersion = 17.9.34728.123
MinimumVisualStudioVersion = 10.0.40219.1
Project("{FAE04EC0-301F-11D3-BF4B-00C04F79EFBC}") = "Server", "Server\Server.csproj", "{01C12035-C611-4523-A7F3-91D96A239904}"
EndProject
Project("{FAE04EC0-301F-11D3-BF4B-00C04F79EFBC}") = "DummyClient", "DummyClient\DummyClient.csproj", "{992B122C-39EF-4B06-B125-9CC4304FB229}"
EndProject
Project("{FAE04EC0-301F-11D3-BF4B-00C04F79EFBC}") = "ServerCore", "ServerCore\ServerCore.csproj", "{F195C754-8F35-43B1-A396-AE8ACE34A3C1}"
EndProject
Global
	GlobalSection(SolutionConfigurationPlatforms) = preSolution
		Debug|Any CPU = Debug|Any CPU
		Release|Any CPU = Release|Any CPU
	EndGlobalSection
	GlobalSection(ProjectConfigurationPlatforms) = postSolution
		{01C12035-C611-4523-A7F3-91D96A239904}.Debug|Any CPU.ActiveCfg = Debug|Any CPU
		{01C12035-C611-4523-A7F3-91D96A239904}.Debug|Any CPU.Build.0 = Debug|Any CPU
		{01C12035-C611-4523-A7F3-91D96A239904}.Release|Any CPU.ActiveCfg = Release|Any CPU
		{01C12035-C611-4523-A7F3-91D96A239904}.Release|Any CPU.Build.0 = Release|Any CPU
		{992B122C-39EF-4B06-B125-9CC4304FB229}.Debug|Any CPU.ActiveCfg = Debug|Any CPU
		{992B122C-39EF-4B06-B125-9CC4304FB229}.Debug|Any CPU.Build.0 = Debug|Any CPU
		{992B122C-39EF-4B06-B125-9CC4304FB229}.Release|Any CPU.ActiveCfg = Release|Any CPU
		{992B122C-39EF-4B06-B125-9CC4304FB229}.Release|Any CPU.Build.0 = Release|Any CPU
		{F195C754-8F35-43B1-A396-AE8ACE34A3C1}.Debug|Any CPU.ActiveCfg = Debug|Any CPU
		{F195C754-8F35-43B1-A396-AE8ACE34A3C1}.Debug|Any CPU.Build.0 = Debug|Any CPU
		{F195C754-8F35-43B1-A396-AE8ACE34A3C1}.Release|Any CPU.ActiveCfg = Release|Any CPU
		{F195C754-8F35-43B1-A396-AE8ACE34A3C1}.Release|Any CPU.Build.0 = Release|Any CPU
	EndGlobalSection
	GlobalSection(SolutionProperties) = preSolution
		HideSolutionNode = FALSE
	EndGlobalSection
	GlobalSection(ExtensibilityGlobals) = postSolution
		SolutionGuid = {73081357-14C8-4458-9B59-53478C90DD5C}
	EndGlobalSection
EndGlobal
